com.codahale.metrics:metrics-json:jar:3.0.0
oro:oro:jar:2.0.8
org.apache.maven:maven-model:jar:2.2.1
org.apache.maven:maven-profile:jar:2.2.1
concurrent:concurrent:jar:1.3.4
org.scala-lang:scalap:jar:2.10.0
org.eclipse.jetty.orbit:javax.transaction:jar:1.1.1.v201105210645
org.sonatype.plexus:plexus-cipher:jar:1.4
jline:jline:jar:0.9.94
commons-beanutils:commons-beanutils:jar:1.7.0
org.eclipse.jetty:jetty-util:jar:8.1.14.v20131031
commons-httpclient:commons-httpclient:jar:3.1
org.json4s:json4s-ast_2.10:jar:3.2.6
org.codehaus.plexus:plexus-utils:jar:2.0.1
org.apache.curator:curator-client:jar:2.4.0
org.slf4j:slf4j-nop:jar:1.5.3
org.apache.maven:maven-artifact:jar:2.2.1
org.apache.curator:curator-framework:jar:2.4.0
org.apache.maven.shared:maven-invoker:jar:2.0.11
net.sf.py4j:py4j:jar:0.8.1
org.eclipse.jetty.orbit:javax.mail.glassfish:jar:1.4.1.v201005082020
com.clearspring.analytics:stream:jar:2.5.1
org.apache.maven:maven-project:jar:2.2.1
org.apache.maven:maven-core:jar:2.2.1
org.apache.maven:maven-repository-metadata:jar:2.2.1
org.apache.maven.wagon:wagon-webdav-jackrabbit:jar:1.0-beta-6
org.scala-lang:scala-reflect:jar:2.10.4
org.apache.maven.wagon:wagon-ssh:jar:1.0-beta-6
com.codahale.metrics:metrics-core:jar:3.0.0
colt:colt:jar:1.2.0
commons-cli:commons-cli:jar:1.2
com.codahale.metrics:metrics-graphite:jar:3.0.0
org.spark-project.akka:akka-slf4j_2.10:jar:2.2.3-shaded-protobuf
org.apache.maven.wagon:wagon-ssh-common:jar:1.0-beta-6
org.apache.maven:maven-plugin-parameter-documenter:jar:2.2.1
org.slf4j:slf4j-api:jar:1.7.5
org.slf4j:jcl-over-slf4j:jar:1.7.5
org.eclipse.jetty:jetty-server:jar:8.1.14.v20131031
org.codehaus.plexus:plexus-container-default:jar:1.0-alpha-9-stable-1
com.esotericsoftware.minlog:minlog:jar:1.2
commons-lang:commons-lang:jar:2.4
org.apache.maven.wagon:wagon-http-shared:jar:1.0-beta-6
com.fasterxml.jackson.core:jackson-core:jar:2.3.0
org.eclipse.jetty:jetty-xml:jar:8.1.14.v20131031
commons-net:commons-net:jar:2.2
com.thoughtworks.paranamer:paranamer:jar:2.6
com.google.guava:guava:jar:14.0.1
org.eclipse.jetty:jetty-http:jar:8.1.14.v20131031
commons-io:commons-io:jar:2.4
com.jcraft:jsch:jar:0.1.38
org.apache.jackrabbit:jackrabbit-jcr-commons:jar:1.5.0
org.eclipse.jetty:jetty-jndi:jar:8.1.14.v20131031
org.json4s:json4s-jackson_2.10:jar:3.2.6
commons-el:commons-el:jar:1.0
org.apache.maven.shared:maven-dependency-tree:jar:1.2
org.apache.maven:maven-plugin-descriptor:jar:2.2.1
commons-codec:commons-codec:jar:1.3
org.eclipse.jetty:jetty-continuation:jar:8.1.14.v20131031
org.apache.maven.doxia:doxia-logging-api:jar:1.1
org.apache.hadoop:hadoop-client:jar:1.0.4
org.eclipse.jetty.orbit:javax.servlet:jar:3.0.0.v201112011016
org.codehaus.jackson:jackson-core-asl:jar:1.6.1
org.codehaus.jackson:jackson-mapper-asl:jar:1.6.1
org.apache.spark:spark-core_2.10:jar:1.0.0
org.eclipse.jetty:jetty-plus:jar:8.1.14.v20131031
org.apache.curator:curator-recipes:jar:2.4.0
org.uncommons.maths:uncommons-maths:jar:1.2.2a
org.apache.maven.doxia:doxia-sink-api:jar:1.1.2
org.spark-project:pyrolite:jar:2.0.1
org.apache.maven.wagon:wagon-file:jar:1.0-beta-6
junit:junit:jar:3.8.1
com.esotericsoftware.kryo:kryo:jar:2.21
org.apache.maven:maven-plugin-api:jar:2.2.1
org.eclipse.jetty:jetty-security:jar:8.1.14.v20131031
com.ning:compress-lzf:jar:1.0.0
com.codahale.metrics:metrics-jvm:jar:3.0.0
com.fasterxml.jackson.core:jackson-databind:jar:2.3.0
org.apache.maven.wagon:wagon-provider-api:jar:1.0-beta-6
io.netty:netty-all:jar:4.0.17.Final
org.apache.ant:ant-launcher:jar:1.9.0
com.esotericsoftware.reflectasm:reflectasm:jar:shaded:1.07
org.apache.maven:maven-monitor:jar:2.2.1
org.eclipse.jetty:jetty-io:jar:8.1.14.v20131031
org.apache.zookeeper:zookeeper:jar:3.4.5
com.twitter:chill-java:jar:0.3.6
org.sonatype.plexus:plexus-sec-dispatcher:jar:1.3
org.spark-project.akka:akka-remote_2.10:jar:2.2.3-shaded-protobuf
org.objenesis:objenesis:jar:1.2
log4j:log4j:jar:1.2.17
org.apache.mesos:mesos:jar:shaded-protobuf:0.18.1
org.apache.maven.wagon:wagon-ssh-external:jar:1.0-beta-6
commons-digester:commons-digester:jar:1.8
xmlenc:xmlenc:jar:0.52
org.apache.commons:commons-exec:jar:1.0.1
net.java.dev.jets3t:jets3t:jar:0.7.1
commons-beanutils:commons-beanutils-core:jar:1.8.0
org.yaml:snakeyaml:jar:1.4
com.fasterxml.jackson.core:jackson-annotations:jar:2.3.0
org.scala-tools:maven-scala-plugin:jar:2.15.2
org.slf4j:slf4j-jdk14:jar:1.5.6
org.spark-project.protobuf:protobuf-java:jar:2.4.1-shaded
hsqldb:hsqldb:jar:1.8.0.10
nekohtml:xercesMinimal:jar:1.9.6.2
com.google.code.findbugs:jsr305:jar:1.3.9
org.apache.jackrabbit:jackrabbit-webdav:jar:1.5.0
org.json4s:json4s-core_2.10:jar:3.2.6
org.eclipse.jetty:jetty-webapp:jar:8.1.14.v20131031
org.codehaus.plexus:plexus-interpolation:jar:1.11
org.spark-project.akka:akka-actor_2.10:jar:2.2.3-shaded-protobuf
org.apache.hadoop:hadoop-core:jar:1.0.4
classworlds:classworlds:jar:1.1
org.xerial.snappy:snappy-java:jar:1.0.5
org.apache.commons:commons-lang3:jar:3.3.2
org.eclipse.jetty.orbit:javax.activation:jar:1.1.0.v201105071233
org.apache.maven:maven-error-diagnostics:jar:2.2.1
commons-collections:commons-collections:jar:3.2.1
org.apache.maven:maven-artifact-manager:jar:2.2.1
org.apache.maven.reporting:maven-reporting-api:jar:2.2.1
org.apache.maven:maven-settings:jar:2.2.1
org.codehaus.plexus:plexus-interactivity-api:jar:1.0-alpha-4
org.slf4j:slf4j-simple:jar:1.7.5
org.scala-lang:scala-compiler:jar:2.10.4
org.apache.ant:ant:jar:1.9.0
org.apache.maven.wagon:wagon-http-lightweight:jar:1.0-beta-6
org.slf4j:slf4j-log4j12:jar:1.7.5
org.slf4j:jul-to-slf4j:jar:1.7.5
commons-configuration:commons-configuration:jar:1.6
backport-util-concurrent:backport-util-concurrent:jar:3.1
nekohtml:nekohtml:jar:1.9.6.2
com.twitter:chill_2.10:jar:0.3.6
org.apache.maven:maven-plugin-registry:jar:2.2.1
org.apache.commons:commons-math:jar:2.1
io.netty:netty:jar:3.6.6.Final
org.eclipse.jetty:jetty-servlet:jar:8.1.14.v20131031
com.typesafe:config:jar:1.0.2
org.scala-lang:scala-library:jar:2.10.4
org.apache.maven.wagon:wagon-http:jar:1.0-beta-6
org.tachyonproject:tachyon:jar:0.4.1-thrift
